
Microsoft Visual Studio Solution File, Format Version 12.00
# Visual Studio Version 16
VisualStudioVersion = 16.0.30907.101
MinimumVisualStudioVersion = 10.0.40219.1
Project("{FAE04EC0-301F-11D3-BF4B-00C04F79EFBC}") = "WebAPI", "WebAPI\WebAPI.csproj", "{3D9A6ADA-7A83-499A-8CE1-09AC29627001}"
EndProject
Global
	GlobalSection(SolutionConfigurationPlatforms) = preSolution
		Debug|Any CPU = Debug|Any CPU
		Release|Any CPU = Release|Any CPU
	EndGlobalSection
	GlobalSection(ProjectConfigurationPlatforms) = postSolution
		{3D9A6ADA-7A83-499A-8CE1-09AC29627001}.Debug|Any CPU.ActiveCfg = Debug|Any CPU
		{3D9A6ADA-7A83-499A-8CE1-09AC29627001}.Debug|Any CPU.Build.0 = Debug|Any CPU
		{3D9A6ADA-7A83-499A-8CE1-09AC29627001}.Release|Any CPU.ActiveCfg = Release|Any CPU
		{3D9A6ADA-7A83-499A-8CE1-09AC29627001}.Release|Any CPU.Build.0 = Release|Any CPU
	EndGlobalSection
	GlobalSection(SolutionProperties) = preSolution
		HideSolutionNode = FALSE
	EndGlobalSection
	GlobalSection(ExtensibilityGlobals) = postSolution
		SolutionGuid = {6E8B78A5-A727-4BEB-90D4-F7C4312D3DEF}
	EndGlobalSection
EndGlobal
